
Microsoft Visual Studio Solution File, Format Version 12.00
# Visual Studio Version 16
VisualStudioVersion = 16.0.30523.141
MinimumVisualStudioVersion = 10.0.40219.1
Project("{FAE04EC0-301F-11D3-BF4B-00C04F79EFBC}") = "BLL", "BLL\BLL.csproj", "{D9810AED-D165-473A-BC55-3718008DF35C}"
EndProject
Project("{FAE04EC0-301F-11D3-BF4B-00C04F79EFBC}") = "DAL", "DAL\DAL.csproj", "{07A7134F-A8B4-4342-A143-453FE773EEF4}"
EndProject
Project("{FAE04EC0-301F-11D3-BF4B-00C04F79EFBC}") = "SVC", "SVC\SVC.csproj", "{B0C73C20-E025-4FC3-AA5F-EEFE20DCF6E5}"
EndProject
Project("{FAE04EC0-301F-11D3-BF4B-00C04F79EFBC}") = "SITE", "SITE\SITE.csproj", "{C25C95D5-4E8B-472F-BA5B-56586DFBF531}"
EndProject
Global
	GlobalSection(SolutionConfigurationPlatforms) = preSolution
		Debug|Any CPU = Debug|Any CPU
		Release|Any CPU = Release|Any CPU
	EndGlobalSection
	GlobalSection(ProjectConfigurationPlatforms) = postSolution
		{D9810AED-D165-473A-BC55-3718008DF35C}.Debug|Any CPU.ActiveCfg = Debug|Any CPU
		{D9810AED-D165-473A-BC55-3718008DF35C}.Debug|Any CPU.Build.0 = Debug|Any CPU
		{D9810AED-D165-473A-BC55-3718008DF35C}.Release|Any CPU.ActiveCfg = Release|Any CPU
		{D9810AED-D165-473A-BC55-3718008DF35C}.Release|Any CPU.Build.0 = Release|Any CPU
		{07A7134F-A8B4-4342-A143-453FE773EEF4}.Debug|Any CPU.ActiveCfg = Debug|Any CPU
		{07A7134F-A8B4-4342-A143-453FE773EEF4}.Debug|Any CPU.Build.0 = Debug|Any CPU
		{07A7134F-A8B4-4342-A143-453FE773EEF4}.Release|Any CPU.ActiveCfg = Release|Any CPU
		{07A7134F-A8B4-4342-A143-453FE773EEF4}.Release|Any CPU.Build.0 = Release|Any CPU
		{B0C73C20-E025-4FC3-AA5F-EEFE20DCF6E5}.Debug|Any CPU.ActiveCfg = Debug|Any CPU
		{B0C73C20-E025-4FC3-AA5F-EEFE20DCF6E5}.Debug|Any CPU.Build.0 = Debug|Any CPU
		{B0C73C20-E025-4FC3-AA5F-EEFE20DCF6E5}.Release|Any CPU.ActiveCfg = Release|Any CPU
		{B0C73C20-E025-4FC3-AA5F-EEFE20DCF6E5}.Release|Any CPU.Build.0 = Release|Any CPU
		{C25C95D5-4E8B-472F-BA5B-56586DFBF531}.Debug|Any CPU.ActiveCfg = Debug|Any CPU
		{C25C95D5-4E8B-472F-BA5B-56586DFBF531}.Debug|Any CPU.Build.0 = Debug|Any CPU
		{C25C95D5-4E8B-472F-BA5B-56586DFBF531}.Release|Any CPU.ActiveCfg = Release|Any CPU
		{C25C95D5-4E8B-472F-BA5B-56586DFBF531}.Release|Any CPU.Build.0 = Release|Any CPU
	EndGlobalSection
	GlobalSection(SolutionProperties) = preSolution
		HideSolutionNode = FALSE
	EndGlobalSection
	GlobalSection(ExtensibilityGlobals) = postSolution
		SolutionGuid = {FD82B590-7156-422B-9C98-ED1F8730F682}
	EndGlobalSection
EndGlobal
